
Microsoft Visual Studio Solution File, Format Version 12.00
# Visual Studio Version 17
VisualStudioVersion = 17.6.33801.468
MinimumVisualStudioVersion = 10.0.40219.1
Project("{FAE04EC0-301F-11D3-BF4B-00C04F79EFBC}") = "FEC_Deletable_KenkeiViewer", "FEC_Deletable_KenkeiViewer\FEC_Deletable_KenkeiViewer.csproj", "{288765D0-4BFB-4E4A-ABCB-DAF743069126}"
EndProject
Project("{FAE04EC0-301F-11D3-BF4B-00C04F79EFBC}") = "FEC_Michiten_ClassLibrary", "FEC_Michiten_ClassLibrary\FEC_Michiten_ClassLibrary.csproj", "{1AECB871-87AC-45C3-A429-12A10FB1F187}"
EndProject
Project("{FAE04EC0-301F-11D3-BF4B-00C04F79EFBC}") = "FEC_Deletable_KenkeiViewer_Wpf", "FEC_Deletable_KenkeiViewer_Wpf\FEC_Deletable_KenkeiViewer_Wpf.csproj", "{822BAE6A-7BCE-44D5-85DD-457CA18C2D2E}"
EndProject
Global
	GlobalSection(SolutionConfigurationPlatforms) = preSolution
		Debug|Any CPU = Debug|Any CPU
		Release|Any CPU = Release|Any CPU
	EndGlobalSection
	GlobalSection(ProjectConfigurationPlatforms) = postSolution
		{288765D0-4BFB-4E4A-ABCB-DAF743069126}.Debug|Any CPU.ActiveCfg = Debug|Any CPU
		{288765D0-4BFB-4E4A-ABCB-DAF743069126}.Debug|Any CPU.Build.0 = Debug|Any CPU
		{288765D0-4BFB-4E4A-ABCB-DAF743069126}.Release|Any CPU.ActiveCfg = Release|Any CPU
		{288765D0-4BFB-4E4A-ABCB-DAF743069126}.Release|Any CPU.Build.0 = Release|Any CPU
		{1AECB871-87AC-45C3-A429-12A10FB1F187}.Debug|Any CPU.ActiveCfg = Debug|Any CPU
		{1AECB871-87AC-45C3-A429-12A10FB1F187}.Debug|Any CPU.Build.0 = Debug|Any CPU
		{1AECB871-87AC-45C3-A429-12A10FB1F187}.Release|Any CPU.ActiveCfg = Release|Any CPU
		{1AECB871-87AC-45C3-A429-12A10FB1F187}.Release|Any CPU.Build.0 = Release|Any CPU
		{822BAE6A-7BCE-44D5-85DD-457CA18C2D2E}.Debug|Any CPU.ActiveCfg = Debug|Any CPU
		{822BAE6A-7BCE-44D5-85DD-457CA18C2D2E}.Debug|Any CPU.Build.0 = Debug|Any CPU
		{822BAE6A-7BCE-44D5-85DD-457CA18C2D2E}.Release|Any CPU.ActiveCfg = Release|Any CPU
		{822BAE6A-7BCE-44D5-85DD-457CA18C2D2E}.Release|Any CPU.Build.0 = Release|Any CPU
	EndGlobalSection
	GlobalSection(SolutionProperties) = preSolution
		HideSolutionNode = FALSE
	EndGlobalSection
	GlobalSection(ExtensibilityGlobals) = postSolution
		SolutionGuid = {33DDE333-9E14-41B8-8697-9729540FC496}
	EndGlobalSection
EndGlobal
